// !$*UTF8*$!
{
	archiveVersion = 1;
	classes = {
	};
	objectVersion = 50;
	objects = {

/* Begin PBXBuildFile section */
		5B06275D257D5FA1006660FF /* AppDelegate.swift in Sources */ = {isa = PBXBuildFile; fileRef = 5B06275C257D5FA1006660FF /* AppDelegate.swift */; };
		5B06275F257D5FA1006660FF /* SceneDelegate.swift in Sources */ = {isa = PBXBuildFile; fileRef = 5B06275E257D5FA1006660FF /* SceneDelegate.swift */; };
		5B062761257D5FA1006660FF /* ViewController.swift in Sources */ = {isa = PBXBuildFile; fileRef = 5B062760257D5FA1006660FF /* ViewController.swift */; };
		5B062764257D5FA1006660FF /* Main.storyboard in Resources */ = {isa = PBXBuildFile; fileRef = 5B062762257D5FA1006660FF /* Main.storyboard */; };
		5B062767257D5FA1006660FF /* SpaghettiTimerApp.xcdatamodeld in Sources */ = {isa = PBXBuildFile; fileRef = 5B062765257D5FA1006660FF /* SpaghettiTimerApp.xcdatamodeld */; };
		5B062769257D5FA5006660FF /* Assets.xcassets in Resources */ = {isa = PBXBuildFile; fileRef = 5B062768257D5FA5006660FF /* Assets.xcassets */; };
		5B06276C257D5FA5006660FF /* LaunchScreen.storyboard in Resources */ = {isa = PBXBuildFile; fileRef = 5B06276A257D5FA5006660FF /* LaunchScreen.storyboard */; };
/* End PBXBuildFile section */

/* Begin PBXFileReference section */
		5B062759257D5FA1006660FF /* SpaghettiTimerApp.app */ = {isa = PBXFileReference; explicitFileType = wrapper.application; includeInIndex = 0; path = SpaghettiTimerApp.app; sourceTree = BUILT_PRODUCTS_DIR; };
		5B06275C257D5FA1006660FF /* AppDelegate.swift */ = {isa = PBXFileReference; lastKnownFileType = sourcecode.swift; path = AppDelegate.swift; sourceTree = "<group>"; };
		5B06275E257D5FA1006660FF /* SceneDelegate.swift */ = {isa = PBXFileReference; lastKnownFileType = sourcecode.swift; path = SceneDelegate.swift; sourceTree = "<group>"; };
		5B062760257D5FA1006660FF /* ViewController.swift */ = {isa = PBXFileReference; lastKnownFileType = sourcecode.swift; path = ViewController.swift; sourceTree = "<group>"; };
		5B062763257D5FA1006660FF /* Base */ = {isa = PBXFileReference; lastKnownFileType = file.storyboard; name = Base; path = Base.lproj/Main.storyboard; sourceTree = "<group>"; };
		5B062766257D5FA1006660FF /* SpaghettiTimerApp.xcdatamodel */ = {isa = PBXFileReference; lastKnownFileType = wrapper.xcdatamodel; path = SpaghettiTimerApp.xcdatamodel; sourceTree = "<group>"; };
		5B062768257D5FA5006660FF /* Assets.xcassets */ = {isa = PBXFileReference; lastKnownFileType = folder.assetcatalog; path = Assets.xcassets; sourceTree = "<group>"; };
		5B06276B257D5FA5006660FF /* Base */ = {isa = PBXFileReference; lastKnownFileType = file.storyboard; name = Base; path = Base.lproj/LaunchScreen.storyboard; sourceTree = "<group>"; };
		5B06276D257D5FA5006660FF /* Info.plist */ = {isa = PBXFileReference; lastKnownFileType = text.plist.xml; path = Info.plist; sourceTree = "<group>"; };
/* End PBXFileReference section */

/* Begin PBXFrameworksBuildPhase section */
		5B062756257D5FA1006660FF /* Frameworks */ = {
			isa = PBXFrameworksBuildPhase;
			buildActionMask = 2147483647;
			files = (
			);
			runOnlyForDeploymentPostprocessing = 0;
		};
/* End PBXFrameworksBuildPhase section */

/* Begin PBXGroup section */
		5B062750257D5FA1006660FF = {
			isa = PBXGroup;
			children = (
				5B06275B257D5FA1006660FF /* SpaghettiTimerApp */,
				5B06275A257D5FA1006660FF /* Products */,
			);
			sourceTree = "<group>";
		};
		5B06275A257D5FA1006660FF /* Products */ = {
			isa = PBXGroup;
			children = (
				5B062759257D5FA1006660FF /* SpaghettiTimerApp.app */,
			);
			name = Products;
			sourceTree = "<group>";
		};
		5B06275B257D5FA1006660FF /* SpaghettiTimerApp */ = {
			isa = PBXGroup;
			children = (
				5B06275C257D5FA1006660FF /* AppDelegate.swift */,
				5B06275E257D5FA1006660FF /* SceneDelegate.swift */,
				5B062760257D5FA1006660FF /* ViewController.swift */,
				5B062762257D5FA1006660FF /* Main.storyboard */,
				5B062768257D5FA5006660FF /* Assets.xcassets */,
				5B06276A257D5FA5006660FF /* LaunchScreen.storyboard */,
				5B06276D257D5FA5006660FF /* Info.plist */,
				5B062765257D5FA1006660FF /* SpaghettiTimerApp.xcdatamodeld */,
			);
			path = SpaghettiTimerApp;
			sourceTree = "<group>";
		};
/* End PBXGroup section */

/* Begin PBXNativeTarget section */
		5B062758257D5FA1006660FF /* SpaghettiTimerApp */ = {
			isa = PBXNativeTarget;
			buildConfigurationList = 5B062770257D5FA5006660FF /* Build configuration list for PBXNativeTarget "SpaghettiTimerApp" */;
			buildPhases = (
				5B062755257D5FA1006660FF /* Sources */,
				5B062756257D5FA1006660FF /* Frameworks */,
				5B062757257D5FA1006660FF /* Resources */,
			);
			buildRules = (
			);
			dependencies = (
			);
			name = SpaghettiTimerApp;
			productName = SpaghettiTimerApp;
			productReference = 5B062759257D5FA1006660FF /* SpaghettiTimerApp.app */;
			productType = "com.apple.product-type.application";
		};
/* End PBXNativeTarget section */

/* Begin PBXProject section */
		5B062751257D5FA1006660FF /* Project object */ = {
			isa = PBXProject;
			attributes = {
				LastSwiftUpdateCheck = 1220;
				LastUpgradeCheck = 1220;
				TargetAttributes = {
					5B062758257D5FA1006660FF = {
						CreatedOnToolsVersion = 12.2;
					};
				};
			};
			buildConfigurationList = 5B062754257D5FA1006660FF /* Build configuration list for PBXProject "SpaghettiTimerApp" */;
			compatibilityVersion = "Xcode 9.3";
			developmentRegion = en;
			hasScannedForEncodings = 0;
			knownRegions = (
				en,
				Base,
			);
			mainGroup = 5B062750257D5FA1006660FF;
			productRefGroup = 5B06275A257D5FA1006660FF /* Products */;
			projectDirPath = "";
			projectRoot = "";
			targets = (
				5B062758257D5FA1006660FF /* SpaghettiTimerApp */,
			);
		};
/* End PBXProject section */

/* Begin PBXResourcesBuildPhase section */
		5B062757257D5FA1006660FF /* Resources */ = {
			isa = PBXResourcesBuildPhase;
			buildActionMask = 2147483647;
			files = (
				5B06276C257D5FA5006660FF /* LaunchScreen.storyboard in Resources */,
				5B062769257D5FA5006660FF /* Assets.xcassets in Resources */,
				5B062764257D5FA1006660FF /* Main.storyboard in Resources */,
			);
			runOnlyForDeploymentPostprocessing = 0;
		};
/* End PBXResourcesBuildPhase section */

/* Begin PBXSourcesBuildPhase section */
		5B062755257D5FA1006660FF /* Sources */ = {
			isa = PBXSourcesBuildPhase;
			buildActionMask = 2147483647;
			files = (
				5B062761257D5FA1006660FF /* ViewController.swift in Sources */,
				5B062767257D5FA1006660FF /* SpaghettiTimerApp.xcdatamodeld in Sources */,
				5B06275D257D5FA1006660FF /* AppDelegate.swift in Sources */,
				5B06275F257D5FA1006660FF /* SceneDelegate.swift in Sources */,
			);
			runOnlyForDeploymentPostprocessing = 0;
		};
/* End PBXSourcesBuildPhase section */

/* Begin PBXVariantGroup section */
		5B062762257D5FA1006660FF /* Main.storyboard */ = {
			isa = PBXVariantGroup;
			children = (
				5B062763257D5FA1006660FF /* Base */,
			);
			name = Main.storyboard;
			sourceTree = "<group>";
		};
		5B06276A257D5FA5006660FF /* LaunchScreen.storyboard */ = {
			isa = PBXVariantGroup;
			children = (
				5B06276B257D5FA5006660FF /* Base */,
			);
			name = LaunchScreen.storyboard;
			sourceTree = "<group>";
		};
/* End PBXVariantGroup section */

/* Begin XCBuildConfiguration section */
		5B06276E257D5FA5006660FF /* Debug */ = {
			isa = XCBuildConfiguration;
			buildSettings = {
				ALWAYS_SEARCH_USER_PATHS = NO;
				CLANG_ANALYZER_NONNULL = YES;
				CLANG_ANALYZER_NUMBER_OBJECT_CONVERSION = YES_AGGRESSIVE;
				CLANG_CXX_LANGUAGE_STANDARD = "gnu++14";
				CLANG_CXX_LIBRARY = "libc++";
				CLANG_ENABLE_MODULES = YES;
				CLANG_ENABLE_OBJC_ARC = YES;
				CLANG_ENABLE_OBJC_WEAK = YES;
				CLANG_WARN_BLOCK_CAPTURE_AUTORELEASING = YES;
				CLANG_WARN_BOOL_CONVERSION = YES;
				CLANG_WARN_COMMA = YES;
				CLANG_WARN_CONSTANT_CONVERSION = YES;
				CLANG_WARN_DEPRECATED_OBJC_IMPLEMENTATIONS = YES;
				CLANG_WARN_DIRECT_OBJC_ISA_USAGE = YES_ERROR;
				CLANG_WARN_DOCUMENTATION_COMMENTS = YES;
				CLANG_WARN_EMPTY_BODY = YES;
				CLANG_WARN_ENUM_CONVERSION = YES;
				CLANG_WARN_INFINITE_RECURSION = YES;
				CLANG_WARN_INT_CONVERSION = YES;
				CLANG_WARN_NON_LITERAL_NULL_CONVERSION = YES;
				CLANG_WARN_OBJC_IMPLICIT_RETAIN_SELF = YES;
				CLANG_WARN_OBJC_LITERAL_CONVERSION = YES;
				CLANG_WARN_OBJC_ROOT_CLASS = YES_ERROR;
				CLANG_WARN_QUOTED_INCLUDE_IN_FRAMEWORK_HEADER = YES;
				CLANG_WARN_RANGE_LOOP_ANALYSIS = YES;
				CLANG_WARN_STRICT_PROTOTYPES = YES;
				CLANG_WARN_SUSPICIOUS_MOVE = YES;
				CLANG_WARN_UNGUARDED_AVAILABILITY = YES_AGGRESSIVE;
				CLANG_WARN_UNREACHABLE_CODE = YES;
				CLANG_WARN__DUPLICATE_METHOD_MATCH = YES;
				COPY_PHASE_STRIP = NO;
				DEBUG_INFORMATION_FORMAT = dwarf;
				ENABLE_STRICT_OBJC_MSGSEND = YES;
				ENABLE_TESTABILITY = YES;
				GCC_C_LANGUAGE_STANDARD = gnu11;
				GCC_DYNAMIC_NO_PIC = NO;
				GCC_NO_COMMON_BLOCKS = YES;
				GCC_OPTIMIZATION_LEVEL = 0;
				GCC_PREPROCESSOR_DEFINITIONS = (
					"DEBUG=1",
					"$(inherited)",
				);
				GCC_WARN_64_TO_32_BIT_CONVERSION = YES;
				GCC_WARN_ABOUT_RETURN_TYPE = YES_ERROR;
				GCC_WARN_UNDECLARED_SELECTOR = YES;
				GCC_WARN_UNINITIALIZED_AUTOS = YES_AGGRESSIVE;
				GCC_WARN_UNUSED_FUNCTION = YES;
				GCC_WARN_UNUSED_VARIABLE = YES;
				IPHONEOS_DEPLOYMENT_TARGET = 14.2;
				MTL_ENABLE_DEBUG_INFO = INCLUDE_SOURCE;
				MTL_FAST_MATH = YES;
				ONLY_ACTIVE_ARCH = YES;
				SDKROOT = iphoneos;
				SWIFT_ACTIVE_COMPILATION_CONDITIONS = DEBUG;
				SWIFT_OPTIMIZATION_LEVEL = "-Onone";
			};
			name = Debug;
		};
		5B06276F257D5FA5006660FF /* Release */ = {
			isa = XCBuildConfiguration;
			buildSettings = {
				ALWAYS_SEARCH_USER_PATHS = NO;
				CLANG_ANALYZER_NONNULL = YES;
				CLANG_ANALYZER_NUMBER_OBJECT_CONVERSION = YES_AGGRESSIVE;
				CLANG_CXX_LANGUAGE_STANDARD = "gnu++14";
				CLANG_CXX_LIBRARY = "libc++";
				CLANG_ENABLE_MODULES = YES;
				CLANG_ENABLE_OBJC_ARC = YES;
				CLANG_ENABLE_OBJC_WEAK = YES;
				CLANG_WARN_BLOCK_CAPTURE_AUTORELEASING = YES;
				CLANG_WARN_BOOL_CONVERSION = YES;
				CLANG_WARN_COMMA = YES;
				CLANG_WARN_CONSTANT_CONVERSION = YES;
				CLANG_WARN_DEPRECATED_OBJC_IMPLEMENTATIONS = YES;
				CLANG_WARN_DIRECT_OBJC_ISA_USAGE = YES_ERROR;
				CLANG_WARN_DOCUMENTATION_COMMENTS = YES;
				CLANG_WARN_EMPTY_BODY = YES;
				CLANG_WARN_ENUM_CONVERSION = YES;
				CLANG_WARN_INFINITE_RECURSION = YES;
				CLANG_WARN_INT_CONVERSION = YES;
				CLANG_WARN_NON_LITERAL_NULL_CONVERSION = YES;
				CLANG_WARN_OBJC_IMPLICIT_RETAIN_SELF = YES;
				CLANG_WARN_OBJC_LITERAL_CONVERSION = YES;
				CLANG_WARN_OBJC_ROOT_CLASS = YES_ERROR;
				CLANG_WARN_QUOTED_INCLUDE_IN_FRAMEWORK_HEADER = YES;
				CLANG_WARN_RANGE_LOOP_ANALYSIS = YES;
				CLANG_WARN_STRICT_PROTOTYPES = YES;
				CLANG_WARN_SUSPICIOUS_MOVE = YES;
				CLANG_WARN_UNGUARDED_AVAILABILITY = YES_AGGRESSIVE;
				CLANG_WARN_UNREACHABLE_CODE = YES;
				CLANG_WARN__DUPLICATE_METHOD_MATCH = YES;
				COPY_PHASE_STRIP = NO;
				DEBUG_INFORMATION_FORMAT = "dwarf-with-dsym";
				ENABLE_NS_ASSERTIONS = NO;
				ENABLE_STRICT_OBJC_MSGSEND = YES;
				GCC_C_LANGUAGE_STANDARD = gnu11;
				GCC_NO_COMMON_BLOCKS = YES;
				GCC_WARN_64_TO_32_BIT_CONVERSION = YES;
				GCC_WARN_ABOUT_RETURN_TYPE = YES_ERROR;
				GCC_WARN_UNDECLARED_SELECTOR = YES;
				GCC_WARN_UNINITIALIZED_AUTOS = YES_AGGRESSIVE;
				GCC_WARN_UNUSED_FUNCTION = YES;
				GCC_WARN_UNUSED_VARIABLE = YES;
				IPHONEOS_DEPLOYMENT_TARGET = 14.2;
				MTL_ENABLE_DEBUG_INFO = NO;
				MTL_FAST_MATH = YES;
				SDKROOT = iphoneos;
				SWIFT_COMPILATION_MODE = wholemodule;
				SWIFT_OPTIMIZATION_LEVEL = "-O";
				VALIDATE_PRODUCT = YES;
			};
			name = Release;
		};
		5B062771257D5FA5006660FF /* Debug */ = {
			isa = XCBuildConfiguration;
			buildSettings = {
				ASSETCATALOG_COMPILER_APPICON_NAME = AppIcon;
				ASSETCATALOG_COMPILER_GLOBAL_ACCENT_COLOR_NAME = AccentColor;
				CODE_SIGN_STYLE = Automatic;
				INFOPLIST_FILE = SpaghettiTimerApp/Info.plist;
				LD_RUNPATH_SEARCH_PATHS = (
					"$(inherited)",
					"@executable_path/Frameworks",
				);
				PRODUCT_BUNDLE_IDENTIFIER = com.user180266.SpaghettiTimerApp;
				PRODUCT_NAME = "$(TARGET_NAME)";
				SWIFT_VERSION = 5.0;
				TARGETED_DEVICE_FAMILY = "1,2";
			};
			name = Debug;
		};
		5B062772257D5FA5006660FF /* Release */ = {
			isa = XCBuildConfiguration;
			buildSettings = {
				ASSETCATALOG_COMPILER_APPICON_NAME = AppIcon;
				ASSETCATALOG_COMPILER_GLOBAL_ACCENT_COLOR_NAME = AccentColor;
				CODE_SIGN_STYLE = Automatic;
				INFOPLIST_FILE = SpaghettiTimerApp/Info.plist;
				LD_RUNPATH_SEARCH_PATHS = (
					"$(inherited)",
					"@executable_path/Frameworks",
				);
				PRODUCT_BUNDLE_IDENTIFIER = com.user180266.SpaghettiTimerApp;
				PRODUCT_NAME = "$(TARGET_NAME)";
				SWIFT_VERSION = 5.0;
				TARGETED_DEVICE_FAMILY = "1,2";
			};
			name = Release;
		};
/* End XCBuildConfiguration section */

/* Begin XCConfigurationList section */
		5B062754257D5FA1006660FF /* Build configuration list for PBXProject "SpaghettiTimerApp" */ = {
			isa = XCConfigurationList;
			buildConfigurations = (
				5B06276E257D5FA5006660FF /* Debug */,
				5B06276F257D5FA5006660FF /* Release */,
			);
			defaultConfigurationIsVisible = 0;
			defaultConfigurationName = Release;
		};
		5B062770257D5FA5006660FF /* Build configuration list for PBXNativeTarget "SpaghettiTimerApp" */ = {
			isa = XCConfigurationList;
			buildConfigurations = (
				5B062771257D5FA5006660FF /* Debug */,
				5B062772257D5FA5006660FF /* Release */,
			);
			defaultConfigurationIsVisible = 0;
			defaultConfigurationName = Release;
		};
/* End XCConfigurationList section */

/* Begin XCVersionGroup section */
		5B062765257D5FA1006660FF /* SpaghettiTimerApp.xcdatamodeld */ = {
			isa = XCVersionGroup;
			children = (
				5B062766257D5FA1006660FF /* SpaghettiTimerApp.xcdatamodel */,
			);
			currentVersion = 5B062766257D5FA1006660FF /* SpaghettiTimerApp.xcdatamodel */;
			path = SpaghettiTimerApp.xcdatamodeld;
			sourceTree = "<group>";
			versionGroupType = wrapper.xcdatamodel;
		};
/* End XCVersionGroup section */
	};
	rootObject = 5B062751257D5FA1006660FF /* Project object */;
}
