// !$*UTF8*$!
{
	archiveVersion = 1;
	classes = {
	};
	objectVersion = 50;
	objects = {

/* Begin PBXBuildFile section */
		5B052E952579DB54000036CA /* AppDelegate.swift in Sources */ = {isa = PBXBuildFile; fileRef = 5B052E942579DB54000036CA /* AppDelegate.swift */; };
		5B052E972579DB54000036CA /* SceneDelegate.swift in Sources */ = {isa = PBXBuildFile; fileRef = 5B052E962579DB54000036CA /* SceneDelegate.swift */; };
		5B052E992579DB54000036CA /* ViewController.swift in Sources */ = {isa = PBXBuildFile; fileRef = 5B052E982579DB54000036CA /* ViewController.swift */; };
		5B052E9C2579DB54000036CA /* Main.storyboard in Resources */ = {isa = PBXBuildFile; fileRef = 5B052E9A2579DB54000036CA /* Main.storyboard */; };
		5B052E9E2579DB55000036CA /* Assets.xcassets in Resources */ = {isa = PBXBuildFile; fileRef = 5B052E9D2579DB55000036CA /* Assets.xcassets */; };
		5B052EA12579DB55000036CA /* LaunchScreen.storyboard in Resources */ = {isa = PBXBuildFile; fileRef = 5B052E9F2579DB55000036CA /* LaunchScreen.storyboard */; };
		5B052EAA2579E33E000036CA /* TableViewCell.swift in Sources */ = {isa = PBXBuildFile; fileRef = 5B052EA92579E33E000036CA /* TableViewCell.swift */; };
		5B052EAD2579E4B3000036CA /* river3.jpg in Resources */ = {isa = PBXBuildFile; fileRef = 5B052EAC2579E4B3000036CA /* river3.jpg */; };
		5B052EB02579E4BD000036CA /* river1.jpg in Resources */ = {isa = PBXBuildFile; fileRef = 5B052EAF2579E4BD000036CA /* river1.jpg */; };
		5B052EB32579E4C2000036CA /* river2.jpg in Resources */ = {isa = PBXBuildFile; fileRef = 5B052EB22579E4C2000036CA /* river2.jpg */; };
		5B052EB62579F34C000036CA /* TimerViewController.swift in Sources */ = {isa = PBXBuildFile; fileRef = 5B052EB52579F34C000036CA /* TimerViewController.swift */; };
		5B2F56EB257C2E8B00562FAF /* SpaghettiTimerData.xcdatamodeld in Sources */ = {isa = PBXBuildFile; fileRef = 5B2F56E9257C2E8B00562FAF /* SpaghettiTimerData.xcdatamodeld */; };
/* End PBXBuildFile section */

/* Begin PBXFileReference section */
		5B052E912579DB54000036CA /* SpaghettiTimer.app */ = {isa = PBXFileReference; explicitFileType = wrapper.application; includeInIndex = 0; path = SpaghettiTimer.app; sourceTree = BUILT_PRODUCTS_DIR; };
		5B052E942579DB54000036CA /* AppDelegate.swift */ = {isa = PBXFileReference; lastKnownFileType = sourcecode.swift; path = AppDelegate.swift; sourceTree = "<group>"; };
		5B052E962579DB54000036CA /* SceneDelegate.swift */ = {isa = PBXFileReference; lastKnownFileType = sourcecode.swift; path = SceneDelegate.swift; sourceTree = "<group>"; };
		5B052E982579DB54000036CA /* ViewController.swift */ = {isa = PBXFileReference; lastKnownFileType = sourcecode.swift; path = ViewController.swift; sourceTree = "<group>"; };
		5B052E9B2579DB54000036CA /* Base */ = {isa = PBXFileReference; lastKnownFileType = file.storyboard; name = Base; path = Base.lproj/Main.storyboard; sourceTree = "<group>"; };
		5B052E9D2579DB55000036CA /* Assets.xcassets */ = {isa = PBXFileReference; lastKnownFileType = folder.assetcatalog; path = Assets.xcassets; sourceTree = "<group>"; };
		5B052EA02579DB55000036CA /* Base */ = {isa = PBXFileReference; lastKnownFileType = file.storyboard; name = Base; path = Base.lproj/LaunchScreen.storyboard; sourceTree = "<group>"; };
		5B052EA22579DB55000036CA /* Info.plist */ = {isa = PBXFileReference; lastKnownFileType = text.plist.xml; path = Info.plist; sourceTree = "<group>"; };
		5B052EA92579E33E000036CA /* TableViewCell.swift */ = {isa = PBXFileReference; lastKnownFileType = sourcecode.swift; path = TableViewCell.swift; sourceTree = "<group>"; };
		5B052EAC2579E4B3000036CA /* river3.jpg */ = {isa = PBXFileReference; lastKnownFileType = image.jpeg; path = river3.jpg; sourceTree = "<group>"; };
		5B052EAF2579E4BD000036CA /* river1.jpg */ = {isa = PBXFileReference; lastKnownFileType = image.jpeg; path = river1.jpg; sourceTree = "<group>"; };
		5B052EB22579E4C2000036CA /* river2.jpg */ = {isa = PBXFileReference; lastKnownFileType = image.jpeg; path = river2.jpg; sourceTree = "<group>"; };
		5B052EB52579F34C000036CA /* TimerViewController.swift */ = {isa = PBXFileReference; lastKnownFileType = sourcecode.swift; path = TimerViewController.swift; sourceTree = "<group>"; };
		5B2F56EA257C2E8B00562FAF /* SpaghettiTimerData.xcdatamodel */ = {isa = PBXFileReference; lastKnownFileType = wrapper.xcdatamodel; path = SpaghettiTimerData.xcdatamodel; sourceTree = "<group>"; };
/* End PBXFileReference section */

/* Begin PBXFrameworksBuildPhase section */
		5B052E8E2579DB54000036CA /* Frameworks */ = {
			isa = PBXFrameworksBuildPhase;
			buildActionMask = 2147483647;
			files = (
			);
			runOnlyForDeploymentPostprocessing = 0;
		};
/* End PBXFrameworksBuildPhase section */

/* Begin PBXGroup section */
		5B052E882579DB54000036CA = {
			isa = PBXGroup;
			children = (
				5B052E932579DB54000036CA /* SpaghettiTimer */,
				5B052E922579DB54000036CA /* Products */,
			);
			sourceTree = "<group>";
		};
		5B052E922579DB54000036CA /* Products */ = {
			isa = PBXGroup;
			children = (
				5B052E912579DB54000036CA /* SpaghettiTimer.app */,
			);
			name = Products;
			sourceTree = "<group>";
		};
		5B052E932579DB54000036CA /* SpaghettiTimer */ = {
			isa = PBXGroup;
			children = (
				5B052E942579DB54000036CA /* AppDelegate.swift */,
				5B2F56E9257C2E8B00562FAF /* SpaghettiTimerData.xcdatamodeld */,
				5B052E962579DB54000036CA /* SceneDelegate.swift */,
				5B052E982579DB54000036CA /* ViewController.swift */,
				5B052E9A2579DB54000036CA /* Main.storyboard */,
				5B052EB52579F34C000036CA /* TimerViewController.swift */,
				5B052EA92579E33E000036CA /* TableViewCell.swift */,
				5B052E9D2579DB55000036CA /* Assets.xcassets */,
				5B052E9F2579DB55000036CA /* LaunchScreen.storyboard */,
				5B052EA22579DB55000036CA /* Info.plist */,
				5B052EAC2579E4B3000036CA /* river3.jpg */,
				5B052EAF2579E4BD000036CA /* river1.jpg */,
				5B052EB22579E4C2000036CA /* river2.jpg */,
			);
			path = SpaghettiTimer;
			sourceTree = "<group>";
		};
/* End PBXGroup section */

/* Begin PBXNativeTarget section */
		5B052E902579DB54000036CA /* SpaghettiTimer */ = {
			isa = PBXNativeTarget;
			buildConfigurationList = 5B052EA52579DB55000036CA /* Build configuration list for PBXNativeTarget "SpaghettiTimer" */;
			buildPhases = (
				5B052E8D2579DB54000036CA /* Sources */,
				5B052E8E2579DB54000036CA /* Frameworks */,
				5B052E8F2579DB54000036CA /* Resources */,
			);
			buildRules = (
			);
			dependencies = (
			);
			name = SpaghettiTimer;
			productName = SpaghettiTimer;
			productReference = 5B052E912579DB54000036CA /* SpaghettiTimer.app */;
			productType = "com.apple.product-type.application";
		};
/* End PBXNativeTarget section */

/* Begin PBXProject section */
		5B052E892579DB54000036CA /* Project object */ = {
			isa = PBXProject;
			attributes = {
				LastSwiftUpdateCheck = 1220;
				LastUpgradeCheck = 1220;
				TargetAttributes = {
					5B052E902579DB54000036CA = {
						CreatedOnToolsVersion = 12.2;
					};
				};
			};
			buildConfigurationList = 5B052E8C2579DB54000036CA /* Build configuration list for PBXProject "SpaghettiTimer" */;
			compatibilityVersion = "Xcode 9.3";
			developmentRegion = en;
			hasScannedForEncodings = 0;
			knownRegions = (
				en,
				Base,
			);
			mainGroup = 5B052E882579DB54000036CA;
			productRefGroup = 5B052E922579DB54000036CA /* Products */;
			projectDirPath = "";
			projectRoot = "";
			targets = (
				5B052E902579DB54000036CA /* SpaghettiTimer */,
			);
		};
/* End PBXProject section */

/* Begin PBXResourcesBuildPhase section */
		5B052E8F2579DB54000036CA /* Resources */ = {
			isa = PBXResourcesBuildPhase;
			buildActionMask = 2147483647;
			files = (
				5B052EAD2579E4B3000036CA /* river3.jpg in Resources */,
				5B052EB32579E4C2000036CA /* river2.jpg in Resources */,
				5B052EA12579DB55000036CA /* LaunchScreen.storyboard in Resources */,
				5B052E9E2579DB55000036CA /* Assets.xcassets in Resources */,
				5B052EB02579E4BD000036CA /* river1.jpg in Resources */,
				5B052E9C2579DB54000036CA /* Main.storyboard in Resources */,
			);
			runOnlyForDeploymentPostprocessing = 0;
		};
/* End PBXResourcesBuildPhase section */

/* Begin PBXSourcesBuildPhase section */
		5B052E8D2579DB54000036CA /* Sources */ = {
			isa = PBXSourcesBuildPhase;
			buildActionMask = 2147483647;
			files = (
				5B052EB62579F34C000036CA /* TimerViewController.swift in Sources */,
				5B2F56EB257C2E8B00562FAF /* SpaghettiTimerData.xcdatamodeld in Sources */,
				5B052E992579DB54000036CA /* ViewController.swift in Sources */,
				5B052EAA2579E33E000036CA /* TableViewCell.swift in Sources */,
				5B052E952579DB54000036CA /* AppDelegate.swift in Sources */,
				5B052E972579DB54000036CA /* SceneDelegate.swift in Sources */,
			);
			runOnlyForDeploymentPostprocessing = 0;
		};
/* End PBXSourcesBuildPhase section */

/* Begin PBXVariantGroup section */
		5B052E9A2579DB54000036CA /* Main.storyboard */ = {
			isa = PBXVariantGroup;
			children = (
				5B052E9B2579DB54000036CA /* Base */,
			);
			name = Main.storyboard;
			sourceTree = "<group>";
		};
		5B052E9F2579DB55000036CA /* LaunchScreen.storyboard */ = {
			isa = PBXVariantGroup;
			children = (
				5B052EA02579DB55000036CA /* Base */,
			);
			name = LaunchScreen.storyboard;
			sourceTree = "<group>";
		};
/* End PBXVariantGroup section */

/* Begin XCBuildConfiguration section */
		5B052EA32579DB55000036CA /* Debug */ = {
			isa = XCBuildConfiguration;
			buildSettings = {
				ALWAYS_SEARCH_USER_PATHS = NO;
				CLANG_ANALYZER_NONNULL = YES;
				CLANG_ANALYZER_NUMBER_OBJECT_CONVERSION = YES_AGGRESSIVE;
				CLANG_CXX_LANGUAGE_STANDARD = "gnu++14";
				CLANG_CXX_LIBRARY = "libc++";
				CLANG_ENABLE_MODULES = YES;
				CLANG_ENABLE_OBJC_ARC = YES;
				CLANG_ENABLE_OBJC_WEAK = YES;
				CLANG_WARN_BLOCK_CAPTURE_AUTORELEASING = YES;
				CLANG_WARN_BOOL_CONVERSION = YES;
				CLANG_WARN_COMMA = YES;
				CLANG_WARN_CONSTANT_CONVERSION = YES;
				CLANG_WARN_DEPRECATED_OBJC_IMPLEMENTATIONS = YES;
				CLANG_WARN_DIRECT_OBJC_ISA_USAGE = YES_ERROR;
				CLANG_WARN_DOCUMENTATION_COMMENTS = YES;
				CLANG_WARN_EMPTY_BODY = YES;
				CLANG_WARN_ENUM_CONVERSION = YES;
				CLANG_WARN_INFINITE_RECURSION = YES;
				CLANG_WARN_INT_CONVERSION = YES;
				CLANG_WARN_NON_LITERAL_NULL_CONVERSION = YES;
				CLANG_WARN_OBJC_IMPLICIT_RETAIN_SELF = YES;
				CLANG_WARN_OBJC_LITERAL_CONVERSION = YES;
				CLANG_WARN_OBJC_ROOT_CLASS = YES_ERROR;
				CLANG_WARN_QUOTED_INCLUDE_IN_FRAMEWORK_HEADER = YES;
				CLANG_WARN_RANGE_LOOP_ANALYSIS = YES;
				CLANG_WARN_STRICT_PROTOTYPES = YES;
				CLANG_WARN_SUSPICIOUS_MOVE = YES;
				CLANG_WARN_UNGUARDED_AVAILABILITY = YES_AGGRESSIVE;
				CLANG_WARN_UNREACHABLE_CODE = YES;
				CLANG_WARN__DUPLICATE_METHOD_MATCH = YES;
				COPY_PHASE_STRIP = NO;
				DEBUG_INFORMATION_FORMAT = dwarf;
				ENABLE_STRICT_OBJC_MSGSEND = YES;
				ENABLE_TESTABILITY = YES;
				GCC_C_LANGUAGE_STANDARD = gnu11;
				GCC_DYNAMIC_NO_PIC = NO;
				GCC_NO_COMMON_BLOCKS = YES;
				GCC_OPTIMIZATION_LEVEL = 0;
				GCC_PREPROCESSOR_DEFINITIONS = (
					"DEBUG=1",
					"$(inherited)",
				);
				GCC_WARN_64_TO_32_BIT_CONVERSION = YES;
				GCC_WARN_ABOUT_RETURN_TYPE = YES_ERROR;
				GCC_WARN_UNDECLARED_SELECTOR = YES;
				GCC_WARN_UNINITIALIZED_AUTOS = YES_AGGRESSIVE;
				GCC_WARN_UNUSED_FUNCTION = YES;
				GCC_WARN_UNUSED_VARIABLE = YES;
				IPHONEOS_DEPLOYMENT_TARGET = 14.2;
				MTL_ENABLE_DEBUG_INFO = INCLUDE_SOURCE;
				MTL_FAST_MATH = YES;
				ONLY_ACTIVE_ARCH = YES;
				SDKROOT = iphoneos;
				SWIFT_ACTIVE_COMPILATION_CONDITIONS = DEBUG;
				SWIFT_OPTIMIZATION_LEVEL = "-Onone";
			};
			name = Debug;
		};
		5B052EA42579DB55000036CA /* Release */ = {
			isa = XCBuildConfiguration;
			buildSettings = {
				ALWAYS_SEARCH_USER_PATHS = NO;
				CLANG_ANALYZER_NONNULL = YES;
				CLANG_ANALYZER_NUMBER_OBJECT_CONVERSION = YES_AGGRESSIVE;
				CLANG_CXX_LANGUAGE_STANDARD = "gnu++14";
				CLANG_CXX_LIBRARY = "libc++";
				CLANG_ENABLE_MODULES = YES;
				CLANG_ENABLE_OBJC_ARC = YES;
				CLANG_ENABLE_OBJC_WEAK = YES;
				CLANG_WARN_BLOCK_CAPTURE_AUTORELEASING = YES;
				CLANG_WARN_BOOL_CONVERSION = YES;
				CLANG_WARN_COMMA = YES;
				CLANG_WARN_CONSTANT_CONVERSION = YES;
				CLANG_WARN_DEPRECATED_OBJC_IMPLEMENTATIONS = YES;
				CLANG_WARN_DIRECT_OBJC_ISA_USAGE = YES_ERROR;
				CLANG_WARN_DOCUMENTATION_COMMENTS = YES;
				CLANG_WARN_EMPTY_BODY = YES;
				CLANG_WARN_ENUM_CONVERSION = YES;
				CLANG_WARN_INFINITE_RECURSION = YES;
				CLANG_WARN_INT_CONVERSION = YES;
				CLANG_WARN_NON_LITERAL_NULL_CONVERSION = YES;
				CLANG_WARN_OBJC_IMPLICIT_RETAIN_SELF = YES;
				CLANG_WARN_OBJC_LITERAL_CONVERSION = YES;
				CLANG_WARN_OBJC_ROOT_CLASS = YES_ERROR;
				CLANG_WARN_QUOTED_INCLUDE_IN_FRAMEWORK_HEADER = YES;
				CLANG_WARN_RANGE_LOOP_ANALYSIS = YES;
				CLANG_WARN_STRICT_PROTOTYPES = YES;
				CLANG_WARN_SUSPICIOUS_MOVE = YES;
				CLANG_WARN_UNGUARDED_AVAILABILITY = YES_AGGRESSIVE;
				CLANG_WARN_UNREACHABLE_CODE = YES;
				CLANG_WARN__DUPLICATE_METHOD_MATCH = YES;
				COPY_PHASE_STRIP = NO;
				DEBUG_INFORMATION_FORMAT = "dwarf-with-dsym";
				ENABLE_NS_ASSERTIONS = NO;
				ENABLE_STRICT_OBJC_MSGSEND = YES;
				GCC_C_LANGUAGE_STANDARD = gnu11;
				GCC_NO_COMMON_BLOCKS = YES;
				GCC_WARN_64_TO_32_BIT_CONVERSION = YES;
				GCC_WARN_ABOUT_RETURN_TYPE = YES_ERROR;
				GCC_WARN_UNDECLARED_SELECTOR = YES;
				GCC_WARN_UNINITIALIZED_AUTOS = YES_AGGRESSIVE;
				GCC_WARN_UNUSED_FUNCTION = YES;
				GCC_WARN_UNUSED_VARIABLE = YES;
				IPHONEOS_DEPLOYMENT_TARGET = 14.2;
				MTL_ENABLE_DEBUG_INFO = NO;
				MTL_FAST_MATH = YES;
				SDKROOT = iphoneos;
				SWIFT_COMPILATION_MODE = wholemodule;
				SWIFT_OPTIMIZATION_LEVEL = "-O";
				VALIDATE_PRODUCT = YES;
			};
			name = Release;
		};
		5B052EA62579DB55000036CA /* Debug */ = {
			isa = XCBuildConfiguration;
			buildSettings = {
				ASSETCATALOG_COMPILER_APPICON_NAME = AppIcon;
				ASSETCATALOG_COMPILER_GLOBAL_ACCENT_COLOR_NAME = AccentColor;
				CODE_SIGN_STYLE = Automatic;
				INFOPLIST_FILE = SpaghettiTimer/Info.plist;
				LD_RUNPATH_SEARCH_PATHS = (
					"$(inherited)",
					"@executable_path/Frameworks",
				);
				PRODUCT_BUNDLE_IDENTIFIER = com.user180266.SpaghettiTimer;
				PRODUCT_NAME = "$(TARGET_NAME)";
				SWIFT_VERSION = 5.0;
				TARGETED_DEVICE_FAMILY = "1,2";
			};
			name = Debug;
		};
		5B052EA72579DB55000036CA /* Release */ = {
			isa = XCBuildConfiguration;
			buildSettings = {
				ASSETCATALOG_COMPILER_APPICON_NAME = AppIcon;
				ASSETCATALOG_COMPILER_GLOBAL_ACCENT_COLOR_NAME = AccentColor;
				CODE_SIGN_STYLE = Automatic;
				INFOPLIST_FILE = SpaghettiTimer/Info.plist;
				LD_RUNPATH_SEARCH_PATHS = (
					"$(inherited)",
					"@executable_path/Frameworks",
				);
				PRODUCT_BUNDLE_IDENTIFIER = com.user180266.SpaghettiTimer;
				PRODUCT_NAME = "$(TARGET_NAME)";
				SWIFT_VERSION = 5.0;
				TARGETED_DEVICE_FAMILY = "1,2";
			};
			name = Release;
		};
/* End XCBuildConfiguration section */

/* Begin XCConfigurationList section */
		5B052E8C2579DB54000036CA /* Build configuration list for PBXProject "SpaghettiTimer" */ = {
			isa = XCConfigurationList;
			buildConfigurations = (
				5B052EA32579DB55000036CA /* Debug */,
				5B052EA42579DB55000036CA /* Release */,
			);
			defaultConfigurationIsVisible = 0;
			defaultConfigurationName = Release;
		};
		5B052EA52579DB55000036CA /* Build configuration list for PBXNativeTarget "SpaghettiTimer" */ = {
			isa = XCConfigurationList;
			buildConfigurations = (
				5B052EA62579DB55000036CA /* Debug */,
				5B052EA72579DB55000036CA /* Release */,
			);
			defaultConfigurationIsVisible = 0;
			defaultConfigurationName = Release;
		};
/* End XCConfigurationList section */

/* Begin XCVersionGroup section */
		5B2F56E9257C2E8B00562FAF /* SpaghettiTimerData.xcdatamodeld */ = {
			isa = XCVersionGroup;
			children = (
				5B2F56EA257C2E8B00562FAF /* SpaghettiTimerData.xcdatamodel */,
			);
			currentVersion = 5B2F56EA257C2E8B00562FAF /* SpaghettiTimerData.xcdatamodel */;
			path = SpaghettiTimerData.xcdatamodeld;
			sourceTree = "<group>";
			versionGroupType = wrapper.xcdatamodel;
		};
/* End XCVersionGroup section */
	};
	rootObject = 5B052E892579DB54000036CA /* Project object */;
}
